
Microsoft Visual Studio Solution File, Format Version 12.00
# Visual Studio Version 16
VisualStudioVersion = 25.0.1704.0
MinimumVisualStudioVersion = 10.0.40219.1
Project("{FAE04EC0-301F-11D3-BF4B-00C04F79EFBC}") = "BeFitApp", "BeFitApp\BeFitApp.csproj", "{2ECBA3FF-E9B8-4452-9676-8C5B7D8594FD}"
EndProject
Global
	GlobalSection(SolutionConfigurationPlatforms) = preSolution
		Debug|Any CPU = Debug|Any CPU
		Release|Any CPU = Release|Any CPU
	EndGlobalSection
	GlobalSection(ProjectConfigurationPlatforms) = postSolution
		{2ECBA3FF-E9B8-4452-9676-8C5B7D8594FD}.Debug|Any CPU.ActiveCfg = Debug|Any CPU
		{2ECBA3FF-E9B8-4452-9676-8C5B7D8594FD}.Debug|Any CPU.Build.0 = Debug|Any CPU
		{2ECBA3FF-E9B8-4452-9676-8C5B7D8594FD}.Release|Any CPU.ActiveCfg = Release|Any CPU
		{2ECBA3FF-E9B8-4452-9676-8C5B7D8594FD}.Release|Any CPU.Build.0 = Release|Any CPU
	EndGlobalSection
	GlobalSection(SolutionProperties) = preSolution
		HideSolutionNode = FALSE
	EndGlobalSection
	GlobalSection(ExtensibilityGlobals) = postSolution
		SolutionGuid = {4D79E809-0DC3-49D2-9143-E44D146530D6}
	EndGlobalSection
EndGlobal
